
Microsoft Visual Studio Solution File, Format Version 12.00
# Visual Studio Version 17
VisualStudioVersion = 17.8.34330.188
MinimumVisualStudioVersion = 10.0.40219.1
Project("{8BC9CEB8-8B4A-11D0-8D11-00A0C91BC942}") = "EngineBase", "EngineBase\EngineBase.vcxproj", "{639157CB-4415-4AD1-B9E4-F9FAD2B6FE09}"
EndProject
Project("{8BC9CEB8-8B4A-11D0-8D11-00A0C91BC942}") = "EnginePlatform", "EnginePlatform\EnginePlatform.vcxproj", "{A182D20B-C605-4E40-B6FF-58EB5F10B7DA}"
EndProject
Project("{2150E333-8FDC-42A3-9474-1A3956D46DE8}") = "Level0", "Level0", "{470D93FF-A40F-41F6-9CB0-A7EDAE0DCE85}"
EndProject
Project("{2150E333-8FDC-42A3-9474-1A3956D46DE8}") = "Level1", "Level1", "{097A7AAD-8606-4B99-909C-48DCEB8C5478}"
EndProject
Project("{2150E333-8FDC-42A3-9474-1A3956D46DE8}") = "Level2", "Level2", "{AFB87500-EAE1-4FCE-8A8F-EBD79695965F}"
EndProject
Project("{8BC9CEB8-8B4A-11D0-8D11-00A0C91BC942}") = "EngineCore", "EngineCore\EngineCore.vcxproj", "{9072A0ED-5DF8-43D9-BF12-36286ED75D64}"
EndProject
Project("{2150E333-8FDC-42A3-9474-1A3956D46DE8}") = "Level3", "Level3", "{94968421-8ABF-4582-AE1C-BD48074B705F}"
EndProject
Project("{8BC9CEB8-8B4A-11D0-8D11-00A0C91BC942}") = "Kirby_Game", "Kirby_Game\Kirby_Game.vcxproj", "{385F62CE-115D-4075-A764-887E6955FCEF}"
EndProject
Project("{2150E333-8FDC-42A3-9474-1A3956D46DE8}") = "Level4", "Level4", "{A8506761-C7CE-44BC-B974-B291EBA43B75}"
EndProject
Project("{8BC9CEB8-8B4A-11D0-8D11-00A0C91BC942}") = "App", "App\App.vcxproj", "{0A50B3ED-E3E7-4658-913D-4B4AF692C07A}"
EndProject
Global
	GlobalSection(SolutionConfigurationPlatforms) = preSolution
		Debug|x64 = Debug|x64
		Debug|x86 = Debug|x86
		Release|x64 = Release|x64
		Release|x86 = Release|x86
	EndGlobalSection
	GlobalSection(ProjectConfigurationPlatforms) = postSolution
		{639157CB-4415-4AD1-B9E4-F9FAD2B6FE09}.Debug|x64.ActiveCfg = Debug|x64
		{639157CB-4415-4AD1-B9E4-F9FAD2B6FE09}.Debug|x64.Build.0 = Debug|x64
		{639157CB-4415-4AD1-B9E4-F9FAD2B6FE09}.Debug|x86.ActiveCfg = Debug|Win32
		{639157CB-4415-4AD1-B9E4-F9FAD2B6FE09}.Debug|x86.Build.0 = Debug|Win32
		{639157CB-4415-4AD1-B9E4-F9FAD2B6FE09}.Release|x64.ActiveCfg = Release|x64
		{639157CB-4415-4AD1-B9E4-F9FAD2B6FE09}.Release|x64.Build.0 = Release|x64
		{639157CB-4415-4AD1-B9E4-F9FAD2B6FE09}.Release|x86.ActiveCfg = Release|Win32
		{639157CB-4415-4AD1-B9E4-F9FAD2B6FE09}.Release|x86.Build.0 = Release|Win32
		{A182D20B-C605-4E40-B6FF-58EB5F10B7DA}.Debug|x64.ActiveCfg = Debug|x64
		{A182D20B-C605-4E40-B6FF-58EB5F10B7DA}.Debug|x64.Build.0 = Debug|x64
		{A182D20B-C605-4E40-B6FF-58EB5F10B7DA}.Debug|x86.ActiveCfg = Debug|Win32
		{A182D20B-C605-4E40-B6FF-58EB5F10B7DA}.Debug|x86.Build.0 = Debug|Win32
		{A182D20B-C605-4E40-B6FF-58EB5F10B7DA}.Release|x64.ActiveCfg = Release|x64
		{A182D20B-C605-4E40-B6FF-58EB5F10B7DA}.Release|x64.Build.0 = Release|x64
		{A182D20B-C605-4E40-B6FF-58EB5F10B7DA}.Release|x86.ActiveCfg = Release|Win32
		{A182D20B-C605-4E40-B6FF-58EB5F10B7DA}.Release|x86.Build.0 = Release|Win32
		{9072A0ED-5DF8-43D9-BF12-36286ED75D64}.Debug|x64.ActiveCfg = Debug|x64
		{9072A0ED-5DF8-43D9-BF12-36286ED75D64}.Debug|x64.Build.0 = Debug|x64
		{9072A0ED-5DF8-43D9-BF12-36286ED75D64}.Debug|x86.ActiveCfg = Debug|Win32
		{9072A0ED-5DF8-43D9-BF12-36286ED75D64}.Debug|x86.Build.0 = Debug|Win32
		{9072A0ED-5DF8-43D9-BF12-36286ED75D64}.Release|x64.ActiveCfg = Release|x64
		{9072A0ED-5DF8-43D9-BF12-36286ED75D64}.Release|x64.Build.0 = Release|x64
		{9072A0ED-5DF8-43D9-BF12-36286ED75D64}.Release|x86.ActiveCfg = Release|Win32
		{9072A0ED-5DF8-43D9-BF12-36286ED75D64}.Release|x86.Build.0 = Release|Win32
		{385F62CE-115D-4075-A764-887E6955FCEF}.Debug|x64.ActiveCfg = Debug|x64
		{385F62CE-115D-4075-A764-887E6955FCEF}.Debug|x64.Build.0 = Debug|x64
		{385F62CE-115D-4075-A764-887E6955FCEF}.Debug|x86.ActiveCfg = Debug|Win32
		{385F62CE-115D-4075-A764-887E6955FCEF}.Debug|x86.Build.0 = Debug|Win32
		{385F62CE-115D-4075-A764-887E6955FCEF}.Release|x64.ActiveCfg = Release|x64
		{385F62CE-115D-4075-A764-887E6955FCEF}.Release|x64.Build.0 = Release|x64
		{385F62CE-115D-4075-A764-887E6955FCEF}.Release|x86.ActiveCfg = Release|Win32
		{385F62CE-115D-4075-A764-887E6955FCEF}.Release|x86.Build.0 = Release|Win32
		{0A50B3ED-E3E7-4658-913D-4B4AF692C07A}.Debug|x64.ActiveCfg = Debug|x64
		{0A50B3ED-E3E7-4658-913D-4B4AF692C07A}.Debug|x64.Build.0 = Debug|x64
		{0A50B3ED-E3E7-4658-913D-4B4AF692C07A}.Debug|x86.ActiveCfg = Debug|Win32
		{0A50B3ED-E3E7-4658-913D-4B4AF692C07A}.Debug|x86.Build.0 = Debug|Win32
		{0A50B3ED-E3E7-4658-913D-4B4AF692C07A}.Release|x64.ActiveCfg = Release|x64
		{0A50B3ED-E3E7-4658-913D-4B4AF692C07A}.Release|x64.Build.0 = Release|x64
		{0A50B3ED-E3E7-4658-913D-4B4AF692C07A}.Release|x86.ActiveCfg = Release|Win32
		{0A50B3ED-E3E7-4658-913D-4B4AF692C07A}.Release|x86.Build.0 = Release|Win32
	EndGlobalSection
	GlobalSection(SolutionProperties) = preSolution
		HideSolutionNode = FALSE
	EndGlobalSection
	GlobalSection(NestedProjects) = preSolution
		{639157CB-4415-4AD1-B9E4-F9FAD2B6FE09} = {470D93FF-A40F-41F6-9CB0-A7EDAE0DCE85}
		{A182D20B-C605-4E40-B6FF-58EB5F10B7DA} = {097A7AAD-8606-4B99-909C-48DCEB8C5478}
		{9072A0ED-5DF8-43D9-BF12-36286ED75D64} = {AFB87500-EAE1-4FCE-8A8F-EBD79695965F}
		{385F62CE-115D-4075-A764-887E6955FCEF} = {94968421-8ABF-4582-AE1C-BD48074B705F}
		{0A50B3ED-E3E7-4658-913D-4B4AF692C07A} = {A8506761-C7CE-44BC-B974-B291EBA43B75}
	EndGlobalSection
	GlobalSection(ExtensibilityGlobals) = postSolution
		SolutionGuid = {743F566C-530E-4BB5-BAF6-293ED543BDF5}
	EndGlobalSection
EndGlobal
