<?xml version="1.0" encoding="utf-8"?>
<Project ToolsVersion="4.0" xmlns="http://schemas.microsoft.com/developer/msbuild/2003">
  <ItemGroup>
    <ClCompile Include="TitleLevel.cpp">
      <Filter>ContentsLevel</Filter>
    </ClCompile>
    <ClCompile Include="Game_Core.cpp">
      <Filter>GameCore</Filter>
    </ClCompile>
    <ClCompile Include="Stage1_Level.cpp">
      <Filter>ContentsLevel</Filter>
    </ClCompile>
    <ClCompile Include="Kirby_Player.cpp">
      <Filter>Stage1_Actor</Filter>
    </ClCompile>
    <ClCompile Include="Fire.cpp">
      <Filter>Stage1_Actor</Filter>
    </ClCompile>
    <ClCompile Include="Monster_Base.cpp">
      <Filter>Stage1_Actor</Filter>
    </ClCompile>
    <ClCompile Include="Base.cpp">
      <Filter>Stage1_Actor</Filter>
    </ClCompile>
    <ClCompile Include="TitleAcotr.cpp">
      <Filter>Title_Actor</Filter>
    </ClCompile>
  </ItemGroup>
  <ItemGroup>
    <ClInclude Include="TitleLevel.h">
      <Filter>ContentsLevel</Filter>
    </ClInclude>
    <ClInclude Include="Game_Core.h">
      <Filter>GameCore</Filter>
    </ClInclude>
    <ClInclude Include="Stage1_Level.h">
      <Filter>ContentsLevel</Filter>
    </ClInclude>
    <ClInclude Include="Kirby_Player.h">
      <Filter>Stage1_Actor</Filter>
    </ClInclude>
    <ClInclude Include="Fire.h">
      <Filter>Stage1_Actor</Filter>
    </ClInclude>
    <ClInclude Include="Monster_Base.h">
      <Filter>Stage1_Actor</Filter>
    </ClInclude>
    <ClInclude Include="ModeEnum.h">
      <Filter>Stage1_Actor</Filter>
    </ClInclude>
    <ClInclude Include="Base.h">
      <Filter>Stage1_Actor</Filter>
    </ClInclude>
    <ClInclude Include="TitleAcotr.h">
      <Filter>Title_Actor</Filter>
    </ClInclude>
  </ItemGroup>
  <ItemGroup>
    <Filter Include="ContentsLevel">
      <UniqueIdentifier>{0ea31840-57a8-4ed5-a02f-e9beed96e214}</UniqueIdentifier>
    </Filter>
    <Filter Include="GameCore">
      <UniqueIdentifier>{a4888ff9-9db4-4026-b17b-d375642d4577}</UniqueIdentifier>
    </Filter>
    <Filter Include="Stage1_Actor">
      <UniqueIdentifier>{1c18503f-14a5-483b-b894-fd43af5a3acb}</UniqueIdentifier>
    </Filter>
    <Filter Include="Title_Actor">
      <UniqueIdentifier>{4d0d2178-9d50-469f-bf41-2e74227f0c58}</UniqueIdentifier>
    </Filter>
  </ItemGroup>
</Project>