<?xml version="1.0" encoding="utf-8"?>
<Project ToolsVersion="4.0" xmlns="http://schemas.microsoft.com/developer/msbuild/2003">
  <ItemGroup>
    <ClCompile Include="TitleLevel.cpp">
      <Filter>ContentsLevel</Filter>
    </ClCompile>
    <ClCompile Include="Game_Core.cpp">
      <Filter>GameCore</Filter>
    </ClCompile>
    <ClCompile Include="Stage1_Level.cpp">
      <Filter>ContentsLevel</Filter>
    </ClCompile>
    <ClCompile Include="TitleActor.cpp">
      <Filter>Title_End_Actor</Filter>
    </ClCompile>
    <ClCompile Include="Stage1_MAP.cpp">
      <Filter>Stage_Actor\Stage_Map</Filter>
    </ClCompile>
    <ClCompile Include="ActorCommon.cpp" />
    <ClCompile Include="Kirby_Player.cpp">
      <Filter>Stage_Actor\Kirby</Filter>
    </ClCompile>
    <ClCompile Include="AllStar.cpp">
      <Filter>Stage_Actor\Kirby</Filter>
    </ClCompile>
    <ClCompile Include="Base.cpp">
      <Filter>Stage_Actor\Kirby</Filter>
    </ClCompile>
    <ClCompile Include="Ice.cpp">
      <Filter>Stage_Actor\Kirby</Filter>
    </ClCompile>
    <ClCompile Include="Monster_Base.cpp">
      <Filter>Stage_Actor\Monster</Filter>
    </ClCompile>
    <ClCompile Include="pengi_Ice.cpp">
      <Filter>Stage_Actor\Monster</Filter>
    </ClCompile>
    <ClCompile Include="Monster_Sir.cpp">
      <Filter>Stage_Actor\Monster</Filter>
    </ClCompile>
    <ClCompile Include="Kirby_HpBar.cpp">
      <Filter>Stage_Actor\Kirby</Filter>
    </ClCompile>
    <ClCompile Include="Monster_Fire.cpp">
      <Filter>Stage_Actor\Monster</Filter>
    </ClCompile>
    <ClCompile Include="Stage2_Level.cpp">
      <Filter>ContentsLevel</Filter>
    </ClCompile>
    <ClCompile Include="Stage2_Map.cpp">
      <Filter>Stage_Actor\Stage_Map</Filter>
    </ClCompile>
    <ClCompile Include="Sir.cpp">
      <Filter>Stage_Actor\Kirby</Filter>
    </ClCompile>
    <ClCompile Include="Stage3_Level.cpp">
      <Filter>ContentsLevel</Filter>
    </ClCompile>
    <ClCompile Include="Stage3_Map.cpp">
      <Filter>Stage_Actor\Stage_Map</Filter>
    </ClCompile>
    <ClCompile Include="SubBoss.cpp">
      <Filter>Stage_Actor\Boss</Filter>
    </ClCompile>
    <ClCompile Include="Monster_Mike.cpp">
      <Filter>Stage_Actor\Monster</Filter>
    </ClCompile>
    <ClCompile Include="LastBoss_Level.cpp">
      <Filter>ContentsLevel</Filter>
    </ClCompile>
    <ClCompile Include="Last_Map.cpp">
      <Filter>Stage_Actor\Stage_Map</Filter>
    </ClCompile>
    <ClCompile Include="BossHpBar.cpp">
      <Filter>Stage_Actor\Boss</Filter>
    </ClCompile>
    <ClCompile Include="MainBoss.cpp">
      <Filter>Stage_Actor\Boss</Filter>
    </ClCompile>
    <ClCompile Include="Hammer.cpp">
      <Filter>Stage_Actor\Object</Filter>
    </ClCompile>
    <ClCompile Include="Bullet.cpp">
      <Filter>Stage_Actor\Boss</Filter>
    </ClCompile>
    <ClCompile Include="EndingLevel.cpp">
      <Filter>ContentsLevel</Filter>
    </ClCompile>
    <ClCompile Include="EndActor.cpp">
      <Filter>Title_End_Actor</Filter>
    </ClCompile>
  </ItemGroup>
  <ItemGroup>
    <ClInclude Include="TitleLevel.h">
      <Filter>ContentsLevel</Filter>
    </ClInclude>
    <ClInclude Include="Game_Core.h">
      <Filter>GameCore</Filter>
    </ClInclude>
    <ClInclude Include="Stage1_Level.h">
      <Filter>ContentsLevel</Filter>
    </ClInclude>
    <ClInclude Include="TitleActor.h">
      <Filter>Title_End_Actor</Filter>
    </ClInclude>
    <ClInclude Include="Stage1_MAP.h">
      <Filter>Stage_Actor\Stage_Map</Filter>
    </ClInclude>
    <ClInclude Include="ActorCommon.h" />
    <ClInclude Include="ModeEnum.h" />
    <ClInclude Include="Kirby_Player.h">
      <Filter>Stage_Actor\Kirby</Filter>
    </ClInclude>
    <ClInclude Include="AllStar.h">
      <Filter>Stage_Actor\Kirby</Filter>
    </ClInclude>
    <ClInclude Include="Base.h">
      <Filter>Stage_Actor\Kirby</Filter>
    </ClInclude>
    <ClInclude Include="Ice.h">
      <Filter>Stage_Actor\Kirby</Filter>
    </ClInclude>
    <ClInclude Include="Monster_Base.h">
      <Filter>Stage_Actor\Monster</Filter>
    </ClInclude>
    <ClInclude Include="pengi_Ice.h">
      <Filter>Stage_Actor\Monster</Filter>
    </ClInclude>
    <ClInclude Include="Monster_SIr.h">
      <Filter>Stage_Actor\Monster</Filter>
    </ClInclude>
    <ClInclude Include="Kirby_HpBar.h">
      <Filter>Stage_Actor\Kirby</Filter>
    </ClInclude>
    <ClInclude Include="Monster_Fire.h">
      <Filter>Stage_Actor\Monster</Filter>
    </ClInclude>
    <ClInclude Include="Stage2_Level.h">
      <Filter>ContentsLevel</Filter>
    </ClInclude>
    <ClInclude Include="Stage2_Map.h">
      <Filter>Stage_Actor\Stage_Map</Filter>
    </ClInclude>
    <ClInclude Include="Sir.h">
      <Filter>Stage_Actor\Kirby</Filter>
    </ClInclude>
    <ClInclude Include="Stage3_Level.h">
      <Filter>ContentsLevel</Filter>
    </ClInclude>
    <ClInclude Include="Stage3_Map.h">
      <Filter>Stage_Actor\Stage_Map</Filter>
    </ClInclude>
    <ClInclude Include="SubBoss.h">
      <Filter>Stage_Actor\Boss</Filter>
    </ClInclude>
    <ClInclude Include="Monster_Mike.h">
      <Filter>Stage_Actor\Monster</Filter>
    </ClInclude>
    <ClInclude Include="LastBoss_Level.h">
      <Filter>ContentsLevel</Filter>
    </ClInclude>
    <ClInclude Include="Last_Map.h">
      <Filter>Stage_Actor\Stage_Map</Filter>
    </ClInclude>
    <ClInclude Include="BossHpBar.h">
      <Filter>Stage_Actor\Boss</Filter>
    </ClInclude>
    <ClInclude Include="MainBoss.h">
      <Filter>Stage_Actor\Boss</Filter>
    </ClInclude>
    <ClInclude Include="Hammer.h">
      <Filter>Stage_Actor\Object</Filter>
    </ClInclude>
    <ClInclude Include="Bullet.h">
      <Filter>Stage_Actor\Boss</Filter>
    </ClInclude>
    <ClInclude Include="EndingLevel.h">
      <Filter>ContentsLevel</Filter>
    </ClInclude>
    <ClInclude Include="EndActor.h">
      <Filter>Title_End_Actor</Filter>
    </ClInclude>
  </ItemGroup>
  <ItemGroup>
    <Filter Include="ContentsLevel">
      <UniqueIdentifier>{0ea31840-57a8-4ed5-a02f-e9beed96e214}</UniqueIdentifier>
    </Filter>
    <Filter Include="GameCore">
      <UniqueIdentifier>{a4888ff9-9db4-4026-b17b-d375642d4577}</UniqueIdentifier>
    </Filter>
    <Filter Include="Stage_Actor">
      <UniqueIdentifier>{1c18503f-14a5-483b-b894-fd43af5a3acb}</UniqueIdentifier>
    </Filter>
    <Filter Include="Stage_Actor\Kirby">
      <UniqueIdentifier>{6d5507b0-c863-4514-8dd1-f1e77ee87b9e}</UniqueIdentifier>
    </Filter>
    <Filter Include="Stage_Actor\Monster">
      <UniqueIdentifier>{bc8afad8-8029-432f-b9ba-201fe0bebceb}</UniqueIdentifier>
    </Filter>
    <Filter Include="Stage_Actor\Stage_Map">
      <UniqueIdentifier>{388753aa-3ca4-49fa-b4e2-52c9771ae44c}</UniqueIdentifier>
    </Filter>
    <Filter Include="Stage_Actor\Boss">
      <UniqueIdentifier>{bdaf016d-8c89-421e-9330-806555a37b94}</UniqueIdentifier>
    </Filter>
    <Filter Include="Stage_Actor\Object">
      <UniqueIdentifier>{69359cfd-45e1-4424-952f-8ebc2c01997b}</UniqueIdentifier>
    </Filter>
    <Filter Include="Title_End_Actor">
      <UniqueIdentifier>{4d0d2178-9d50-469f-bf41-2e74227f0c58}</UniqueIdentifier>
    </Filter>
  </ItemGroup>
</Project>